// !$*UTF8*$!
{
	archiveVersion = 1;
	classes = {
	};
	objectVersion = 46;
	objects = {

/* Begin PBXBuildFile section */
		74E21F0741FA02520505FBA1 /* libPods.a in Frameworks */ = {isa = PBXBuildFile; fileRef = 6A1676C59FB501B571E2175C /* libPods.a */; };
		772558C01CED90930081D98C /* KeanMyInfoTableViewCell.m in Sources */ = {isa = PBXBuildFile; fileRef = 772558BE1CED90930081D98C /* KeanMyInfoTableViewCell.m */; };
		772558C11CED90930081D98C /* KeanMyInfoTableViewCell.xib in Resources */ = {isa = PBXBuildFile; fileRef = 772558BF1CED90930081D98C /* KeanMyInfoTableViewCell.xib */; };
		77463A381CEC194E006C378B /* KeanMyCenterViewController.m in Sources */ = {isa = PBXBuildFile; fileRef = 77463A361CEC194E006C378B /* KeanMyCenterViewController.m */; };
		77463A391CEC194E006C378B /* MyCenter.storyboard in Resources */ = {isa = PBXBuildFile; fileRef = 77463A371CEC194E006C378B /* MyCenter.storyboard */; };
		77463A3D1CEC196C006C378B /* KeanTabBarViewController.m in Sources */ = {isa = PBXBuildFile; fileRef = 77463A3C1CEC196C006C378B /* KeanTabBarViewController.m */; };
		77463A521CEC1A66006C378B /* DataViewController.m in Sources */ = {isa = PBXBuildFile; fileRef = 77463A401CEC1A66006C378B /* DataViewController.m */; };
		77463A531CEC1A66006C378B /* KeanDetailedTableViewCell.m in Sources */ = {isa = PBXBuildFile; fileRef = 77463A441CEC1A66006C378B /* KeanDetailedTableViewCell.m */; };
		77463A541CEC1A66006C378B /* KeanDetailedTableViewCell.xib in Resources */ = {isa = PBXBuildFile; fileRef = 77463A451CEC1A66006C378B /* KeanDetailedTableViewCell.xib */; };
		77463A551CEC1A66006C378B /* KeanHomeDetailedViewController.m in Sources */ = {isa = PBXBuildFile; fileRef = 77463A471CEC1A66006C378B /* KeanHomeDetailedViewController.m */; };
		77463A561CEC1A66006C378B /* KeanHomeViewController.m in Sources */ = {isa = PBXBuildFile; fileRef = 77463A491CEC1A66006C378B /* KeanHomeViewController.m */; };
		77463A571CEC1A66006C378B /* KeanMessageTableViewCell.m in Sources */ = {isa = PBXBuildFile; fileRef = 77463A4B1CEC1A66006C378B /* KeanMessageTableViewCell.m */; };
		77463A581CEC1A66006C378B /* KeanMessageTableViewCell.xib in Resources */ = {isa = PBXBuildFile; fileRef = 77463A4C1CEC1A66006C378B /* KeanMessageTableViewCell.xib */; };
		77463A591CEC1A66006C378B /* ModelController.m in Sources */ = {isa = PBXBuildFile; fileRef = 77463A4F1CEC1A66006C378B /* ModelController.m */; };
		77463A5A1CEC1A66006C378B /* RootViewController.m in Sources */ = {isa = PBXBuildFile; fileRef = 77463A511CEC1A66006C378B /* RootViewController.m */; };
		77463A681CEC1C8F006C378B /* HudUtil.m in Sources */ = {isa = PBXBuildFile; fileRef = 77463A631CEC1C8F006C378B /* HudUtil.m */; };
		77463A6A1CEC1C8F006C378B /* MyUtil.m in Sources */ = {isa = PBXBuildFile; fileRef = 77463A671CEC1C8F006C378B /* MyUtil.m */; };
		77463AAA1CEC1D23006C378B /* UINavigationBar+Awesome.m in Sources */ = {isa = PBXBuildFile; fileRef = 77463A9D1CEC1D23006C378B /* UINavigationBar+Awesome.m */; };
		77463AB11CEC1D2B006C378B /* XLCycleScrollView.m in Sources */ = {isa = PBXBuildFile; fileRef = 77463AB01CEC1D2B006C378B /* XLCycleScrollView.m */; };
		77463AB61CEC486F006C378B /* Add.storyboard in Resources */ = {isa = PBXBuildFile; fileRef = 77463AB51CEC486F006C378B /* Add.storyboard */; };
		77463AB91CEC48A2006C378B /* KeanAddViewController.m in Sources */ = {isa = PBXBuildFile; fileRef = 77463AB81CEC48A2006C378B /* KeanAddViewController.m */; };
		77463ABB1CEC48BF006C378B /* Expenses.storyboard in Resources */ = {isa = PBXBuildFile; fileRef = 77463ABA1CEC48BF006C378B /* Expenses.storyboard */; };
		77463ABE1CEC48D1006C378B /* KeanExpensesViewController.m in Sources */ = {isa = PBXBuildFile; fileRef = 77463ABD1CEC48D1006C378B /* KeanExpensesViewController.m */; };
		77463AC01CEC4903006C378B /* Grass.storyboard in Resources */ = {isa = PBXBuildFile; fileRef = 77463ABF1CEC4903006C378B /* Grass.storyboard */; };
		77463AC31CEC491A006C378B /* KeanGrassViewController.m in Sources */ = {isa = PBXBuildFile; fileRef = 77463AC21CEC491A006C378B /* KeanGrassViewController.m */; };
		77463ACE1CEC571B006C378B /* GDBaseTableViewController.m in Sources */ = {isa = PBXBuildFile; fileRef = 77463ACB1CEC571B006C378B /* GDBaseTableViewController.m */; };
		77463ACF1CEC571B006C378B /* GDBaseViewController.m in Sources */ = {isa = PBXBuildFile; fileRef = 77463ACD1CEC571B006C378B /* GDBaseViewController.m */; };
		E45C83991BDF1E77009DD5CF /* main.m in Sources */ = {isa = PBXBuildFile; fileRef = E45C83981BDF1E77009DD5CF /* main.m */; };
		E45C839C1BDF1E77009DD5CF /* AppDelegate.m in Sources */ = {isa = PBXBuildFile; fileRef = E45C839B1BDF1E77009DD5CF /* AppDelegate.m */; };
		E45C83A81BDF1E77009DD5CF /* Main.storyboard in Resources */ = {isa = PBXBuildFile; fileRef = E45C83A61BDF1E77009DD5CF /* Main.storyboard */; };
		E45C83AA1BDF1E77009DD5CF /* Assets.xcassets in Resources */ = {isa = PBXBuildFile; fileRef = E45C83A91BDF1E77009DD5CF /* Assets.xcassets */; };
		E45C83B81BDF1E77009DD5CF /* TaokeanTests.m in Sources */ = {isa = PBXBuildFile; fileRef = E45C83B71BDF1E77009DD5CF /* TaokeanTests.m */; };
		E45C83C31BDF1E77009DD5CF /* TaokeanUITests.m in Sources */ = {isa = PBXBuildFile; fileRef = E45C83C21BDF1E77009DD5CF /* TaokeanUITests.m */; };
		E49C71D31BE0793300132DE3 /* UIKit.framework in Frameworks */ = {isa = PBXBuildFile; fileRef = E49C71D21BE0793300132DE3 /* UIKit.framework */; };
/* End PBXBuildFile section */

/* Begin PBXContainerItemProxy section */
		E45C83B41BDF1E77009DD5CF /* PBXContainerItemProxy */ = {
			isa = PBXContainerItemProxy;
			containerPortal = E45C838C1BDF1E77009DD5CF /* Project object */;
			proxyType = 1;
			remoteGlobalIDString = E45C83931BDF1E77009DD5CF;
			remoteInfo = Taokean;
		};
		E45C83BF1BDF1E77009DD5CF /* PBXContainerItemProxy */ = {
			isa = PBXContainerItemProxy;
			containerPortal = E45C838C1BDF1E77009DD5CF /* Project object */;
			proxyType = 1;
			remoteGlobalIDString = E45C83931BDF1E77009DD5CF;
			remoteInfo = Taokean;
		};
/* End PBXContainerItemProxy section */

/* Begin PBXFileReference section */
		2E615E705F82041C0D5CB797 /* Pods.release.xcconfig */ = {isa = PBXFileReference; includeInIndex = 1; lastKnownFileType = text.xcconfig; name = Pods.release.xcconfig; path = "Pods/Target Support Files/Pods/Pods.release.xcconfig"; sourceTree = "<group>"; };
		6A1676C59FB501B571E2175C /* libPods.a */ = {isa = PBXFileReference; explicitFileType = archive.ar; includeInIndex = 0; path = libPods.a; sourceTree = BUILT_PRODUCTS_DIR; };
		772558BD1CED90930081D98C /* KeanMyInfoTableViewCell.h */ = {isa = PBXFileReference; fileEncoding = 4; lastKnownFileType = sourcecode.c.h; path = KeanMyInfoTableViewCell.h; sourceTree = "<group>"; };
		772558BE1CED90930081D98C /* KeanMyInfoTableViewCell.m */ = {isa = PBXFileReference; fileEncoding = 4; lastKnownFileType = sourcecode.c.objc; path = KeanMyInfoTableViewCell.m; sourceTree = "<group>"; };
		772558BF1CED90930081D98C /* KeanMyInfoTableViewCell.xib */ = {isa = PBXFileReference; fileEncoding = 4; lastKnownFileType = file.xib; path = KeanMyInfoTableViewCell.xib; sourceTree = "<group>"; };
		77463A351CEC194E006C378B /* KeanMyCenterViewController.h */ = {isa = PBXFileReference; fileEncoding = 4; lastKnownFileType = sourcecode.c.h; path = KeanMyCenterViewController.h; sourceTree = "<group>"; };
		77463A361CEC194E006C378B /* KeanMyCenterViewController.m */ = {isa = PBXFileReference; fileEncoding = 4; lastKnownFileType = sourcecode.c.objc; path = KeanMyCenterViewController.m; sourceTree = "<group>"; };
		77463A371CEC194E006C378B /* MyCenter.storyboard */ = {isa = PBXFileReference; fileEncoding = 4; lastKnownFileType = file.storyboard; path = MyCenter.storyboard; sourceTree = "<group>"; };
		77463A3B1CEC196C006C378B /* KeanTabBarViewController.h */ = {isa = PBXFileReference; fileEncoding = 4; lastKnownFileType = sourcecode.c.h; path = KeanTabBarViewController.h; sourceTree = "<group>"; };
		77463A3C1CEC196C006C378B /* KeanTabBarViewController.m */ = {isa = PBXFileReference; fileEncoding = 4; lastKnownFileType = sourcecode.c.objc; path = KeanTabBarViewController.m; sourceTree = "<group>"; };
		77463A3F1CEC1A66006C378B /* DataViewController.h */ = {isa = PBXFileReference; fileEncoding = 4; lastKnownFileType = sourcecode.c.h; path = DataViewController.h; sourceTree = "<group>"; };
		77463A401CEC1A66006C378B /* DataViewController.m */ = {isa = PBXFileReference; fileEncoding = 4; lastKnownFileType = sourcecode.c.objc; path = DataViewController.m; sourceTree = "<group>"; };
		77463A431CEC1A66006C378B /* KeanDetailedTableViewCell.h */ = {isa = PBXFileReference; fileEncoding = 4; lastKnownFileType = sourcecode.c.h; path = KeanDetailedTableViewCell.h; sourceTree = "<group>"; };
		77463A441CEC1A66006C378B /* KeanDetailedTableViewCell.m */ = {isa = PBXFileReference; fileEncoding = 4; lastKnownFileType = sourcecode.c.objc; path = KeanDetailedTableViewCell.m; sourceTree = "<group>"; };
		77463A451CEC1A66006C378B /* KeanDetailedTableViewCell.xib */ = {isa = PBXFileReference; fileEncoding = 4; lastKnownFileType = file.xib; path = KeanDetailedTableViewCell.xib; sourceTree = "<group>"; };
		77463A461CEC1A66006C378B /* KeanHomeDetailedViewController.h */ = {isa = PBXFileReference; fileEncoding = 4; lastKnownFileType = sourcecode.c.h; path = KeanHomeDetailedViewController.h; sourceTree = "<group>"; };
		77463A471CEC1A66006C378B /* KeanHomeDetailedViewController.m */ = {isa = PBXFileReference; fileEncoding = 4; lastKnownFileType = sourcecode.c.objc; path = KeanHomeDetailedViewController.m; sourceTree = "<group>"; };
		77463A481CEC1A66006C378B /* KeanHomeViewController.h */ = {isa = PBXFileReference; fileEncoding = 4; lastKnownFileType = sourcecode.c.h; name = KeanHomeViewController.h; path = Diary/KeanHomeViewController.h; sourceTree = "<group>"; };
		77463A491CEC1A66006C378B /* KeanHomeViewController.m */ = {isa = PBXFileReference; fileEncoding = 4; lastKnownFileType = sourcecode.c.objc; name = KeanHomeViewController.m; path = Diary/KeanHomeViewController.m; sourceTree = "<group>"; };
		77463A4A1CEC1A66006C378B /* KeanMessageTableViewCell.h */ = {isa = PBXFileReference; fileEncoding = 4; lastKnownFileType = sourcecode.c.h; path = KeanMessageTableViewCell.h; sourceTree = "<group>"; };
		77463A4B1CEC1A66006C378B /* KeanMessageTableViewCell.m */ = {isa = PBXFileReference; fileEncoding = 4; lastKnownFileType = sourcecode.c.objc; path = KeanMessageTableViewCell.m; sourceTree = "<group>"; };
		77463A4C1CEC1A66006C378B /* KeanMessageTableViewCell.xib */ = {isa = PBXFileReference; fileEncoding = 4; lastKnownFileType = file.xib; path = KeanMessageTableViewCell.xib; sourceTree = "<group>"; };
		77463A4E1CEC1A66006C378B /* ModelController.h */ = {isa = PBXFileReference; fileEncoding = 4; lastKnownFileType = sourcecode.c.h; path = ModelController.h; sourceTree = "<group>"; };
		77463A4F1CEC1A66006C378B /* ModelController.m */ = {isa = PBXFileReference; fileEncoding = 4; lastKnownFileType = sourcecode.c.objc; path = ModelController.m; sourceTree = "<group>"; };
		77463A501CEC1A66006C378B /* RootViewController.h */ = {isa = PBXFileReference; fileEncoding = 4; lastKnownFileType = sourcecode.c.h; path = RootViewController.h; sourceTree = "<group>"; };
		77463A511CEC1A66006C378B /* RootViewController.m */ = {isa = PBXFileReference; fileEncoding = 4; lastKnownFileType = sourcecode.c.objc; path = RootViewController.m; sourceTree = "<group>"; };
		77463A611CEC1C8F006C378B /* constant.h */ = {isa = PBXFileReference; fileEncoding = 4; lastKnownFileType = sourcecode.c.h; path = constant.h; sourceTree = "<group>"; };
		77463A621CEC1C8F006C378B /* HudUtil.h */ = {isa = PBXFileReference; fileEncoding = 4; lastKnownFileType = sourcecode.c.h; path = HudUtil.h; sourceTree = "<group>"; };
		77463A631CEC1C8F006C378B /* HudUtil.m */ = {isa = PBXFileReference; fileEncoding = 4; lastKnownFileType = sourcecode.c.objc; path = HudUtil.m; sourceTree = "<group>"; };
		77463A661CEC1C8F006C378B /* MyUtil.h */ = {isa = PBXFileReference; fileEncoding = 4; lastKnownFileType = sourcecode.c.h; path = MyUtil.h; sourceTree = "<group>"; };
		77463A671CEC1C8F006C378B /* MyUtil.m */ = {isa = PBXFileReference; fileEncoding = 4; lastKnownFileType = sourcecode.c.objc; path = MyUtil.m; sourceTree = "<group>"; };
		77463A9C1CEC1D23006C378B /* UINavigationBar+Awesome.h */ = {isa = PBXFileReference; fileEncoding = 4; lastKnownFileType = sourcecode.c.h; name = "UINavigationBar+Awesome.h"; path = "UIKit+AFNetworking/UINavigationBar+Awesome.h"; sourceTree = "<group>"; };
		77463A9D1CEC1D23006C378B /* UINavigationBar+Awesome.m */ = {isa = PBXFileReference; fileEncoding = 4; lastKnownFileType = sourcecode.c.objc; name = "UINavigationBar+Awesome.m"; path = "UIKit+AFNetworking/UINavigationBar+Awesome.m"; sourceTree = "<group>"; };
		77463AAF1CEC1D2B006C378B /* XLCycleScrollView.h */ = {isa = PBXFileReference; fileEncoding = 4; lastKnownFileType = sourcecode.c.h; path = XLCycleScrollView.h; sourceTree = "<group>"; };
		77463AB01CEC1D2B006C378B /* XLCycleScrollView.m */ = {isa = PBXFileReference; fileEncoding = 4; lastKnownFileType = sourcecode.c.objc; path = XLCycleScrollView.m; sourceTree = "<group>"; };
		77463AB51CEC486F006C378B /* Add.storyboard */ = {isa = PBXFileReference; fileEncoding = 4; lastKnownFileType = file.storyboard; path = Add.storyboard; sourceTree = "<group>"; };
		77463AB71CEC48A2006C378B /* KeanAddViewController.h */ = {isa = PBXFileReference; fileEncoding = 4; lastKnownFileType = sourcecode.c.h; path = KeanAddViewController.h; sourceTree = "<group>"; };
		77463AB81CEC48A2006C378B /* KeanAddViewController.m */ = {isa = PBXFileReference; fileEncoding = 4; lastKnownFileType = sourcecode.c.objc; path = KeanAddViewController.m; sourceTree = "<group>"; };
		77463ABA1CEC48BF006C378B /* Expenses.storyboard */ = {isa = PBXFileReference; fileEncoding = 4; lastKnownFileType = file.storyboard; path = Expenses.storyboard; sourceTree = "<group>"; };
		77463ABC1CEC48D1006C378B /* KeanExpensesViewController.h */ = {isa = PBXFileReference; fileEncoding = 4; lastKnownFileType = sourcecode.c.h; path = KeanExpensesViewController.h; sourceTree = "<group>"; };
		77463ABD1CEC48D1006C378B /* KeanExpensesViewController.m */ = {isa = PBXFileReference; fileEncoding = 4; lastKnownFileType = sourcecode.c.objc; path = KeanExpensesViewController.m; sourceTree = "<group>"; };
		77463ABF1CEC4903006C378B /* Grass.storyboard */ = {isa = PBXFileReference; fileEncoding = 4; lastKnownFileType = file.storyboard; path = Grass.storyboard; sourceTree = "<group>"; };
		77463AC11CEC491A006C378B /* KeanGrassViewController.h */ = {isa = PBXFileReference; fileEncoding = 4; lastKnownFileType = sourcecode.c.h; path = KeanGrassViewController.h; sourceTree = "<group>"; };
		77463AC21CEC491A006C378B /* KeanGrassViewController.m */ = {isa = PBXFileReference; fileEncoding = 4; lastKnownFileType = sourcecode.c.objc; path = KeanGrassViewController.m; sourceTree = "<group>"; };
		77463ACA1CEC571B006C378B /* GDBaseTableViewController.h */ = {isa = PBXFileReference; fileEncoding = 4; lastKnownFileType = sourcecode.c.h; path = GDBaseTableViewController.h; sourceTree = "<group>"; };
		77463ACB1CEC571B006C378B /* GDBaseTableViewController.m */ = {isa = PBXFileReference; fileEncoding = 4; lastKnownFileType = sourcecode.c.objc; path = GDBaseTableViewController.m; sourceTree = "<group>"; };
		77463ACC1CEC571B006C378B /* GDBaseViewController.h */ = {isa = PBXFileReference; fileEncoding = 4; lastKnownFileType = sourcecode.c.h; path = GDBaseViewController.h; sourceTree = "<group>"; };
		77463ACD1CEC571B006C378B /* GDBaseViewController.m */ = {isa = PBXFileReference; fileEncoding = 4; lastKnownFileType = sourcecode.c.objc; path = GDBaseViewController.m; sourceTree = "<group>"; };
		793A0DF9C33B07EB66FECA34 /* Pods.debug.xcconfig */ = {isa = PBXFileReference; includeInIndex = 1; lastKnownFileType = text.xcconfig; name = Pods.debug.xcconfig; path = "Pods/Target Support Files/Pods/Pods.debug.xcconfig"; sourceTree = "<group>"; };
		E45C83941BDF1E77009DD5CF /* Taokean.app */ = {isa = PBXFileReference; explicitFileType = wrapper.application; includeInIndex = 0; path = Taokean.app; sourceTree = BUILT_PRODUCTS_DIR; };
		E45C83981BDF1E77009DD5CF /* main.m */ = {isa = PBXFileReference; lastKnownFileType = sourcecode.c.objc; path = main.m; sourceTree = "<group>"; };
		E45C839A1BDF1E77009DD5CF /* AppDelegate.h */ = {isa = PBXFileReference; lastKnownFileType = sourcecode.c.h; path = AppDelegate.h; sourceTree = "<group>"; };
		E45C839B1BDF1E77009DD5CF /* AppDelegate.m */ = {isa = PBXFileReference; lastKnownFileType = sourcecode.c.objc; path = AppDelegate.m; sourceTree = "<group>"; };
		E45C83A71BDF1E77009DD5CF /* Base */ = {isa = PBXFileReference; lastKnownFileType = file.storyboard; name = Base; path = Base.lproj/Main.storyboard; sourceTree = "<group>"; };
		E45C83A91BDF1E77009DD5CF /* Assets.xcassets */ = {isa = PBXFileReference; lastKnownFileType = folder.assetcatalog; path = Assets.xcassets; sourceTree = "<group>"; };
		E45C83AE1BDF1E77009DD5CF /* Info.plist */ = {isa = PBXFileReference; lastKnownFileType = text.plist.xml; path = Info.plist; sourceTree = "<group>"; };
		E45C83B31BDF1E77009DD5CF /* TaokeanTests.xctest */ = {isa = PBXFileReference; explicitFileType = wrapper.cfbundle; includeInIndex = 0; path = TaokeanTests.xctest; sourceTree = BUILT_PRODUCTS_DIR; };
		E45C83B71BDF1E77009DD5CF /* TaokeanTests.m */ = {isa = PBXFileReference; lastKnownFileType = sourcecode.c.objc; path = TaokeanTests.m; sourceTree = "<group>"; };
		E45C83B91BDF1E77009DD5CF /* Info.plist */ = {isa = PBXFileReference; lastKnownFileType = text.plist.xml; path = Info.plist; sourceTree = "<group>"; };
		E45C83BE1BDF1E77009DD5CF /* TaokeanUITests.xctest */ = {isa = PBXFileReference; explicitFileType = wrapper.cfbundle; includeInIndex = 0; path = TaokeanUITests.xctest; sourceTree = BUILT_PRODUCTS_DIR; };
		E45C83C21BDF1E77009DD5CF /* TaokeanUITests.m */ = {isa = PBXFileReference; lastKnownFileType = sourcecode.c.objc; path = TaokeanUITests.m; sourceTree = "<group>"; };
		E45C83C41BDF1E77009DD5CF /* Info.plist */ = {isa = PBXFileReference; lastKnownFileType = text.plist.xml; path = Info.plist; sourceTree = "<group>"; };
		E49C71D21BE0793300132DE3 /* UIKit.framework */ = {isa = PBXFileReference; lastKnownFileType = wrapper.framework; name = UIKit.framework; path = System/Library/Frameworks/UIKit.framework; sourceTree = SDKROOT; };
/* End PBXFileReference section */

/* Begin PBXFrameworksBuildPhase section */
		E45C83911BDF1E77009DD5CF /* Frameworks */ = {
			isa = PBXFrameworksBuildPhase;
			buildActionMask = 2147483647;
			files = (
				E49C71D31BE0793300132DE3 /* UIKit.framework in Frameworks */,
				74E21F0741FA02520505FBA1 /* libPods.a in Frameworks */,
			);
			runOnlyForDeploymentPostprocessing = 0;
		};
		E45C83B01BDF1E77009DD5CF /* Frameworks */ = {
			isa = PBXFrameworksBuildPhase;
			buildActionMask = 2147483647;
			files = (
			);
			runOnlyForDeploymentPostprocessing = 0;
		};
		E45C83BB1BDF1E77009DD5CF /* Frameworks */ = {
			isa = PBXFrameworksBuildPhase;
			buildActionMask = 2147483647;
			files = (
			);
			runOnlyForDeploymentPostprocessing = 0;
		};
/* End PBXFrameworksBuildPhase section */

/* Begin PBXGroup section */
		231110BF01BA1203D73EA24E /* Pods */ = {
			isa = PBXGroup;
			children = (
				793A0DF9C33B07EB66FECA34 /* Pods.debug.xcconfig */,
				2E615E705F82041C0D5CB797 /* Pods.release.xcconfig */,
			);
			name = Pods;
			sourceTree = "<group>";
		};
		77463A341CEC194E006C378B /* MyCenter */ = {
			isa = PBXGroup;
			children = (
				77463A371CEC194E006C378B /* MyCenter.storyboard */,
				77463A351CEC194E006C378B /* KeanMyCenterViewController.h */,
				77463A361CEC194E006C378B /* KeanMyCenterViewController.m */,
				772558BD1CED90930081D98C /* KeanMyInfoTableViewCell.h */,
				772558BE1CED90930081D98C /* KeanMyInfoTableViewCell.m */,
				772558BF1CED90930081D98C /* KeanMyInfoTableViewCell.xib */,
			);
			path = MyCenter;
			sourceTree = "<group>";
		};
		77463A3A1CEC196C006C378B /* Structure */ = {
			isa = PBXGroup;
			children = (
				77463A3B1CEC196C006C378B /* KeanTabBarViewController.h */,
				77463A3C1CEC196C006C378B /* KeanTabBarViewController.m */,
			);
			path = Structure;
			sourceTree = "<group>";
		};
		77463A3E1CEC1A66006C378B /* Home */ = {
			isa = PBXGroup;
			children = (
				E45C83A61BDF1E77009DD5CF /* Main.storyboard */,
				77463A481CEC1A66006C378B /* KeanHomeViewController.h */,
				77463A491CEC1A66006C378B /* KeanHomeViewController.m */,
				77463A4D1CEC1A66006C378B /* Main */,
				77463A411CEC1A66006C378B /* Diary */,
				77463A4E1CEC1A66006C378B /* ModelController.h */,
				77463A4F1CEC1A66006C378B /* ModelController.m */,
				77463A501CEC1A66006C378B /* RootViewController.h */,
				77463A511CEC1A66006C378B /* RootViewController.m */,
				77463A3F1CEC1A66006C378B /* DataViewController.h */,
				77463A401CEC1A66006C378B /* DataViewController.m */,
			);
			path = Home;
			sourceTree = "<group>";
		};
		77463A411CEC1A66006C378B /* Diary */ = {
			isa = PBXGroup;
			children = (
				77463A4A1CEC1A66006C378B /* KeanMessageTableViewCell.h */,
				77463A4B1CEC1A66006C378B /* KeanMessageTableViewCell.m */,
				77463A4C1CEC1A66006C378B /* KeanMessageTableViewCell.xib */,
				77463A421CEC1A66006C378B /* Detailed */,
			);
			path = Diary;
			sourceTree = "<group>";
		};
		77463A421CEC1A66006C378B /* Detailed */ = {
			isa = PBXGroup;
			children = (
				77463A461CEC1A66006C378B /* KeanHomeDetailedViewController.h */,
				77463A471CEC1A66006C378B /* KeanHomeDetailedViewController.m */,
				77463A431CEC1A66006C378B /* KeanDetailedTableViewCell.h */,
				77463A441CEC1A66006C378B /* KeanDetailedTableViewCell.m */,
				77463A451CEC1A66006C378B /* KeanDetailedTableViewCell.xib */,
			);
			path = Detailed;
			sourceTree = "<group>";
		};
		77463A4D1CEC1A66006C378B /* Main */ = {
			isa = PBXGroup;
			children = (
			);
			path = Main;
			sourceTree = "<group>";
		};
		77463A5B1CEC1C05006C378B /* Lib */ = {
			isa = PBXGroup;
			children = (
				77463A9C1CEC1D23006C378B /* UINavigationBar+Awesome.h */,
				77463A9D1CEC1D23006C378B /* UINavigationBar+Awesome.m */,
				77463A5F1CEC1C05006C378B /* XLCycleScrollView */,
			);
			path = Lib;
			sourceTree = "<group>";
		};
		77463A5F1CEC1C05006C378B /* XLCycleScrollView */ = {
			isa = PBXGroup;
			children = (
				77463AAF1CEC1D2B006C378B /* XLCycleScrollView.h */,
				77463AB01CEC1D2B006C378B /* XLCycleScrollView.m */,
			);
			path = XLCycleScrollView;
			sourceTree = "<group>";
		};
		77463A601CEC1C05006C378B /* Uti */ = {
			isa = PBXGroup;
			children = (
				77463ACA1CEC571B006C378B /* GDBaseTableViewController.h */,
				77463ACB1CEC571B006C378B /* GDBaseTableViewController.m */,
				77463ACC1CEC571B006C378B /* GDBaseViewController.h */,
				77463ACD1CEC571B006C378B /* GDBaseViewController.m */,
				77463A611CEC1C8F006C378B /* constant.h */,
				77463A621CEC1C8F006C378B /* HudUtil.h */,
				77463A631CEC1C8F006C378B /* HudUtil.m */,
				77463A661CEC1C8F006C378B /* MyUtil.h */,
				77463A671CEC1C8F006C378B /* MyUtil.m */,
			);
			path = Uti;
			sourceTree = "<group>";
		};
		77463AB21CEC4852006C378B /* Add */ = {
			isa = PBXGroup;
			children = (
				77463AB51CEC486F006C378B /* Add.storyboard */,
				77463AB71CEC48A2006C378B /* KeanAddViewController.h */,
				77463AB81CEC48A2006C378B /* KeanAddViewController.m */,
			);
			path = Add;
			sourceTree = "<group>";
		};
		77463AB31CEC4852006C378B /* Expenses */ = {
			isa = PBXGroup;
			children = (
				77463ABA1CEC48BF006C378B /* Expenses.storyboard */,
				77463ABC1CEC48D1006C378B /* KeanExpensesViewController.h */,
				77463ABD1CEC48D1006C378B /* KeanExpensesViewController.m */,
			);
			path = Expenses;
			sourceTree = "<group>";
		};
		77463AB41CEC4852006C378B /* Grass */ = {
			isa = PBXGroup;
			children = (
				77463ABF1CEC4903006C378B /* Grass.storyboard */,
				77463AC11CEC491A006C378B /* KeanGrassViewController.h */,
				77463AC21CEC491A006C378B /* KeanGrassViewController.m */,
			);
			path = Grass;
			sourceTree = "<group>";
		};
		907B952716A662A32CB394E5 /* Frameworks */ = {
			isa = PBXGroup;
			children = (
				6A1676C59FB501B571E2175C /* libPods.a */,
			);
			name = Frameworks;
			sourceTree = "<group>";
		};
		E45C838B1BDF1E77009DD5CF = {
			isa = PBXGroup;
			children = (
				E49C71D21BE0793300132DE3 /* UIKit.framework */,
				E45C83961BDF1E77009DD5CF /* Taokean */,
				E45C83B61BDF1E77009DD5CF /* TaokeanTests */,
				E45C83C11BDF1E77009DD5CF /* TaokeanUITests */,
				E45C83951BDF1E77009DD5CF /* Products */,
				231110BF01BA1203D73EA24E /* Pods */,
				907B952716A662A32CB394E5 /* Frameworks */,
			);
			sourceTree = "<group>";
		};
		E45C83951BDF1E77009DD5CF /* Products */ = {
			isa = PBXGroup;
			children = (
				E45C83941BDF1E77009DD5CF /* Taokean.app */,
				E45C83B31BDF1E77009DD5CF /* TaokeanTests.xctest */,
				E45C83BE1BDF1E77009DD5CF /* TaokeanUITests.xctest */,
			);
			name = Products;
			sourceTree = "<group>";
		};
		E45C83961BDF1E77009DD5CF /* Taokean */ = {
			isa = PBXGroup;
			children = (
				77463AB21CEC4852006C378B /* Add */,
				77463AB31CEC4852006C378B /* Expenses */,
				77463AB41CEC4852006C378B /* Grass */,
				77463A3E1CEC1A66006C378B /* Home */,
				77463A341CEC194E006C378B /* MyCenter */,
				77463A3A1CEC196C006C378B /* Structure */,
				77463A5B1CEC1C05006C378B /* Lib */,
				77463A601CEC1C05006C378B /* Uti */,
				E45C839A1BDF1E77009DD5CF /* AppDelegate.h */,
				E45C839B1BDF1E77009DD5CF /* AppDelegate.m */,
				E45C83A91BDF1E77009DD5CF /* Assets.xcassets */,
				E45C83AE1BDF1E77009DD5CF /* Info.plist */,
				E45C83971BDF1E77009DD5CF /* Supporting Files */,
			);
			path = Taokean;
			sourceTree = "<group>";
		};
		E45C83971BDF1E77009DD5CF /* Supporting Files */ = {
			isa = PBXGroup;
			children = (
				E45C83981BDF1E77009DD5CF /* main.m */,
			);
			name = "Supporting Files";
			sourceTree = "<group>";
		};
		E45C83B61BDF1E77009DD5CF /* TaokeanTests */ = {
			isa = PBXGroup;
			children = (
				E45C83B71BDF1E77009DD5CF /* TaokeanTests.m */,
				E45C83B91BDF1E77009DD5CF /* Info.plist */,
			);
			path = TaokeanTests;
			sourceTree = "<group>";
		};
		E45C83C11BDF1E77009DD5CF /* TaokeanUITests */ = {
			isa = PBXGroup;
			children = (
				E45C83C21BDF1E77009DD5CF /* TaokeanUITests.m */,
				E45C83C41BDF1E77009DD5CF /* Info.plist */,
			);
			path = TaokeanUITests;
			sourceTree = "<group>";
		};
/* End PBXGroup section */

/* Begin PBXNativeTarget section */
		E45C83931BDF1E77009DD5CF /* Taokean */ = {
			isa = PBXNativeTarget;
			buildConfigurationList = E45C83C71BDF1E77009DD5CF /* Build configuration list for PBXNativeTarget "Taokean" */;
			buildPhases = (
				AFC67120D04E38F7A84E9737 /* Check Pods Manifest.lock */,
				E45C83901BDF1E77009DD5CF /* Sources */,
				E45C83911BDF1E77009DD5CF /* Frameworks */,
				E45C83921BDF1E77009DD5CF /* Resources */,
				B9E9B877B792B1230FFEC845 /* Embed Pods Frameworks */,
				7E1318D36D52B2CB364CAE1D /* Copy Pods Resources */,
			);
			buildRules = (
			);
			dependencies = (
			);
			name = Taokean;
			productName = Taokean;
			productReference = E45C83941BDF1E77009DD5CF /* Taokean.app */;
			productType = "com.apple.product-type.application";
		};
		E45C83B21BDF1E77009DD5CF /* TaokeanTests */ = {
			isa = PBXNativeTarget;
			buildConfigurationList = E45C83CA1BDF1E77009DD5CF /* Build configuration list for PBXNativeTarget "TaokeanTests" */;
			buildPhases = (
				E45C83AF1BDF1E77009DD5CF /* Sources */,
				E45C83B01BDF1E77009DD5CF /* Frameworks */,
				E45C83B11BDF1E77009DD5CF /* Resources */,
			);
			buildRules = (
			);
			dependencies = (
				E45C83B51BDF1E77009DD5CF /* PBXTargetDependency */,
			);
			name = TaokeanTests;
			productName = TaokeanTests;
			productReference = E45C83B31BDF1E77009DD5CF /* TaokeanTests.xctest */;
			productType = "com.apple.product-type.bundle.unit-test";
		};
		E45C83BD1BDF1E77009DD5CF /* TaokeanUITests */ = {
			isa = PBXNativeTarget;
			buildConfigurationList = E45C83CD1BDF1E77009DD5CF /* Build configuration list for PBXNativeTarget "TaokeanUITests" */;
			buildPhases = (
				E45C83BA1BDF1E77009DD5CF /* Sources */,
				E45C83BB1BDF1E77009DD5CF /* Frameworks */,
				E45C83BC1BDF1E77009DD5CF /* Resources */,
			);
			buildRules = (
			);
			dependencies = (
				E45C83C01BDF1E77009DD5CF /* PBXTargetDependency */,
			);
			name = TaokeanUITests;
			productName = TaokeanUITests;
			productReference = E45C83BE1BDF1E77009DD5CF /* TaokeanUITests.xctest */;
			productType = "com.apple.product-type.bundle.ui-testing";
		};
/* End PBXNativeTarget section */

/* Begin PBXProject section */
		E45C838C1BDF1E77009DD5CF /* Project object */ = {
			isa = PBXProject;
			attributes = {
				CLASSPREFIX = Kean;
				LastUpgradeCheck = 0700;
				ORGANIZATIONNAME = shevchenko;
				TargetAttributes = {
					E45C83931BDF1E77009DD5CF = {
						CreatedOnToolsVersion = 7.0.1;
						DevelopmentTeam = HPWGTQE54D;
					};
					E45C83B21BDF1E77009DD5CF = {
						CreatedOnToolsVersion = 7.0.1;
						DevelopmentTeam = HPWGTQE54D;
						TestTargetID = E45C83931BDF1E77009DD5CF;
					};
					E45C83BD1BDF1E77009DD5CF = {
						CreatedOnToolsVersion = 7.0.1;
						DevelopmentTeam = HPWGTQE54D;
						TestTargetID = E45C83931BDF1E77009DD5CF;
					};
				};
			};
			buildConfigurationList = E45C838F1BDF1E77009DD5CF /* Build configuration list for PBXProject "Taokean" */;
			compatibilityVersion = "Xcode 3.2";
			developmentRegion = English;
			hasScannedForEncodings = 0;
			knownRegions = (
				en,
				Base,
				"zh-Hans",
			);
			mainGroup = E45C838B1BDF1E77009DD5CF;
			productRefGroup = E45C83951BDF1E77009DD5CF /* Products */;
			projectDirPath = "";
			projectRoot = "";
			targets = (
				E45C83931BDF1E77009DD5CF /* Taokean */,
				E45C83B21BDF1E77009DD5CF /* TaokeanTests */,
				E45C83BD1BDF1E77009DD5CF /* TaokeanUITests */,
			);
		};
/* End PBXProject section */

/* Begin PBXResourcesBuildPhase section */
		E45C83921BDF1E77009DD5CF /* Resources */ = {
			isa = PBXResourcesBuildPhase;
			buildActionMask = 2147483647;
			files = (
				77463A541CEC1A66006C378B /* KeanDetailedTableViewCell.xib in Resources */,
				E45C83AA1BDF1E77009DD5CF /* Assets.xcassets in Resources */,
				77463A391CEC194E006C378B /* MyCenter.storyboard in Resources */,
				77463A581CEC1A66006C378B /* KeanMessageTableViewCell.xib in Resources */,
				77463AB61CEC486F006C378B /* Add.storyboard in Resources */,
				77463ABB1CEC48BF006C378B /* Expenses.storyboard in Resources */,
				772558C11CED90930081D98C /* KeanMyInfoTableViewCell.xib in Resources */,
				E45C83A81BDF1E77009DD5CF /* Main.storyboard in Resources */,
				77463AC01CEC4903006C378B /* Grass.storyboard in Resources */,
			);
			runOnlyForDeploymentPostprocessing = 0;
		};
		E45C83B11BDF1E77009DD5CF /* Resources */ = {
			isa = PBXResourcesBuildPhase;
			buildActionMask = 2147483647;
			files = (
			);
			runOnlyForDeploymentPostprocessing = 0;
		};
		E45C83BC1BDF1E77009DD5CF /* Resources */ = {
			isa = PBXResourcesBuildPhase;
			buildActionMask = 2147483647;
			files = (
			);
			runOnlyForDeploymentPostprocessing = 0;
		};
/* End PBXResourcesBuildPhase section */

/* Begin PBXShellScriptBuildPhase section */
		7E1318D36D52B2CB364CAE1D /* Copy Pods Resources */ = {
			isa = PBXShellScriptBuildPhase;
			buildActionMask = 2147483647;
			files = (
			);
			inputPaths = (
			);
			name = "Copy Pods Resources";
			outputPaths = (
			);
			runOnlyForDeploymentPostprocessing = 0;
			shellPath = /bin/sh;
			shellScript = "\"${SRCROOT}/Pods/Target Support Files/Pods/Pods-resources.sh\"\n";
			showEnvVarsInLog = 0;
		};
		AFC67120D04E38F7A84E9737 /* Check Pods Manifest.lock */ = {
			isa = PBXShellScriptBuildPhase;
			buildActionMask = 2147483647;
			files = (
			);
			inputPaths = (
			);
			name = "Check Pods Manifest.lock";
			outputPaths = (
			);
			runOnlyForDeploymentPostprocessing = 0;
			shellPath = /bin/sh;
			shellScript = "diff \"${PODS_ROOT}/../Podfile.lock\" \"${PODS_ROOT}/Manifest.lock\" > /dev/null\nif [[ $? != 0 ]] ; then\n    cat << EOM\nerror: The sandbox is not in sync with the Podfile.lock. Run 'pod install' or update your CocoaPods installation.\nEOM\n    exit 1\nfi\n";
			showEnvVarsInLog = 0;
		};
		B9E9B877B792B1230FFEC845 /* Embed Pods Frameworks */ = {
			isa = PBXShellScriptBuildPhase;
			buildActionMask = 2147483647;
			files = (
			);
			inputPaths = (
			);
			name = "Embed Pods Frameworks";
			outputPaths = (
			);
			runOnlyForDeploymentPostprocessing = 0;
			shellPath = /bin/sh;
			shellScript = "\"${SRCROOT}/Pods/Target Support Files/Pods/Pods-frameworks.sh\"\n";
			showEnvVarsInLog = 0;
		};
/* End PBXShellScriptBuildPhase section */

/* Begin PBXSourcesBuildPhase section */
		E45C83901BDF1E77009DD5CF /* Sources */ = {
			isa = PBXSourcesBuildPhase;
			buildActionMask = 2147483647;
			files = (
				77463AC31CEC491A006C378B /* KeanGrassViewController.m in Sources */,
				E45C839C1BDF1E77009DD5CF /* AppDelegate.m in Sources */,
				77463AB91CEC48A2006C378B /* KeanAddViewController.m in Sources */,
				E45C83991BDF1E77009DD5CF /* main.m in Sources */,
				77463A561CEC1A66006C378B /* KeanHomeViewController.m in Sources */,
				77463A381CEC194E006C378B /* KeanMyCenterViewController.m in Sources */,
				77463A6A1CEC1C8F006C378B /* MyUtil.m in Sources */,
				77463A3D1CEC196C006C378B /* KeanTabBarViewController.m in Sources */,
				77463ABE1CEC48D1006C378B /* KeanExpensesViewController.m in Sources */,
				77463A551CEC1A66006C378B /* KeanHomeDetailedViewController.m in Sources */,
				77463ACF1CEC571B006C378B /* GDBaseViewController.m in Sources */,
				77463A571CEC1A66006C378B /* KeanMessageTableViewCell.m in Sources */,
				772558C01CED90930081D98C /* KeanMyInfoTableViewCell.m in Sources */,
				77463AAA1CEC1D23006C378B /* UINavigationBar+Awesome.m in Sources */,
				77463A5A1CEC1A66006C378B /* RootViewController.m in Sources */,
				77463A591CEC1A66006C378B /* ModelController.m in Sources */,
				77463A531CEC1A66006C378B /* KeanDetailedTableViewCell.m in Sources */,
				77463ACE1CEC571B006C378B /* GDBaseTableViewController.m in Sources */,
				77463A521CEC1A66006C378B /* DataViewController.m in Sources */,
				77463AB11CEC1D2B006C378B /* XLCycleScrollView.m in Sources */,
				77463A681CEC1C8F006C378B /* HudUtil.m in Sources */,
			);
			runOnlyForDeploymentPostprocessing = 0;
		};
		E45C83AF1BDF1E77009DD5CF /* Sources */ = {
			isa = PBXSourcesBuildPhase;
			buildActionMask = 2147483647;
			files = (
				E45C83B81BDF1E77009DD5CF /* TaokeanTests.m in Sources */,
			);
			runOnlyForDeploymentPostprocessing = 0;
		};
		E45C83BA1BDF1E77009DD5CF /* Sources */ = {
			isa = PBXSourcesBuildPhase;
			buildActionMask = 2147483647;
			files = (
				E45C83C31BDF1E77009DD5CF /* TaokeanUITests.m in Sources */,
			);
			runOnlyForDeploymentPostprocessing = 0;
		};
/* End PBXSourcesBuildPhase section */

/* Begin PBXTargetDependency section */
		E45C83B51BDF1E77009DD5CF /* PBXTargetDependency */ = {
			isa = PBXTargetDependency;
			target = E45C83931BDF1E77009DD5CF /* Taokean */;
			targetProxy = E45C83B41BDF1E77009DD5CF /* PBXContainerItemProxy */;
		};
		E45C83C01BDF1E77009DD5CF /* PBXTargetDependency */ = {
			isa = PBXTargetDependency;
			target = E45C83931BDF1E77009DD5CF /* Taokean */;
			targetProxy = E45C83BF1BDF1E77009DD5CF /* PBXContainerItemProxy */;
		};
/* End PBXTargetDependency section */

/* Begin PBXVariantGroup section */
		E45C83A61BDF1E77009DD5CF /* Main.storyboard */ = {
			isa = PBXVariantGroup;
			children = (
				E45C83A71BDF1E77009DD5CF /* Base */,
			);
			name = Main.storyboard;
			path = ..;
			sourceTree = "<group>";
		};
/* End PBXVariantGroup section */

/* Begin XCBuildConfiguration section */
		E45C83C51BDF1E77009DD5CF /* Debug */ = {
			isa = XCBuildConfiguration;
			buildSettings = {
				ALWAYS_SEARCH_USER_PATHS = NO;
				CLANG_CXX_LANGUAGE_STANDARD = "gnu++0x";
				CLANG_CXX_LIBRARY = "libc++";
				CLANG_ENABLE_MODULES = YES;
				CLANG_ENABLE_OBJC_ARC = YES;
				CLANG_WARN_BOOL_CONVERSION = YES;
				CLANG_WARN_CONSTANT_CONVERSION = YES;
				CLANG_WARN_DIRECT_OBJC_ISA_USAGE = YES_ERROR;
				CLANG_WARN_EMPTY_BODY = YES;
				CLANG_WARN_ENUM_CONVERSION = YES;
				CLANG_WARN_INT_CONVERSION = YES;
				CLANG_WARN_OBJC_ROOT_CLASS = YES_ERROR;
				CLANG_WARN_UNREACHABLE_CODE = YES;
				CLANG_WARN__DUPLICATE_METHOD_MATCH = YES;
				"CODE_SIGN_IDENTITY[sdk=iphoneos*]" = "iPhone Developer";
				COPY_PHASE_STRIP = NO;
				DEBUG_INFORMATION_FORMAT = dwarf;
				ENABLE_STRICT_OBJC_MSGSEND = YES;
				ENABLE_TESTABILITY = YES;
				GCC_C_LANGUAGE_STANDARD = gnu99;
				GCC_DYNAMIC_NO_PIC = NO;
				GCC_NO_COMMON_BLOCKS = YES;
				GCC_OPTIMIZATION_LEVEL = 0;
				GCC_PREPROCESSOR_DEFINITIONS = (
					"DEBUG=1",
					"$(inherited)",
				);
				GCC_WARN_64_TO_32_BIT_CONVERSION = YES;
				GCC_WARN_ABOUT_RETURN_TYPE = YES_ERROR;
				GCC_WARN_UNDECLARED_SELECTOR = YES;
				GCC_WARN_UNINITIALIZED_AUTOS = YES_AGGRESSIVE;
				GCC_WARN_UNUSED_FUNCTION = YES;
				GCC_WARN_UNUSED_VARIABLE = YES;
				IPHONEOS_DEPLOYMENT_TARGET = 9.0;
				MTL_ENABLE_DEBUG_INFO = YES;
				ONLY_ACTIVE_ARCH = YES;
				SDKROOT = iphoneos;
			};
			name = Debug;
		};
		E45C83C61BDF1E77009DD5CF /* Release */ = {
			isa = XCBuildConfiguration;
			buildSettings = {
				ALWAYS_SEARCH_USER_PATHS = NO;
				CLANG_CXX_LANGUAGE_STANDARD = "gnu++0x";
				CLANG_CXX_LIBRARY = "libc++";
				CLANG_ENABLE_MODULES = YES;
				CLANG_ENABLE_OBJC_ARC = YES;
				CLANG_WARN_BOOL_CONVERSION = YES;
				CLANG_WARN_CONSTANT_CONVERSION = YES;
				CLANG_WARN_DIRECT_OBJC_ISA_USAGE = YES_ERROR;
				CLANG_WARN_EMPTY_BODY = YES;
				CLANG_WARN_ENUM_CONVERSION = YES;
				CLANG_WARN_INT_CONVERSION = YES;
				CLANG_WARN_OBJC_ROOT_CLASS = YES_ERROR;
				CLANG_WARN_UNREACHABLE_CODE = YES;
				CLANG_WARN__DUPLICATE_METHOD_MATCH = YES;
				"CODE_SIGN_IDENTITY[sdk=iphoneos*]" = "iPhone Developer";
				COPY_PHASE_STRIP = NO;
				DEBUG_INFORMATION_FORMAT = "dwarf-with-dsym";
				ENABLE_NS_ASSERTIONS = NO;
				ENABLE_STRICT_OBJC_MSGSEND = YES;
				GCC_C_LANGUAGE_STANDARD = gnu99;
				GCC_NO_COMMON_BLOCKS = YES;
				GCC_WARN_64_TO_32_BIT_CONVERSION = YES;
				GCC_WARN_ABOUT_RETURN_TYPE = YES_ERROR;
				GCC_WARN_UNDECLARED_SELECTOR = YES;
				GCC_WARN_UNINITIALIZED_AUTOS = YES_AGGRESSIVE;
				GCC_WARN_UNUSED_FUNCTION = YES;
				GCC_WARN_UNUSED_VARIABLE = YES;
				IPHONEOS_DEPLOYMENT_TARGET = 9.0;
				MTL_ENABLE_DEBUG_INFO = NO;
				SDKROOT = iphoneos;
				VALIDATE_PRODUCT = YES;
			};
			name = Release;
		};
		E45C83C81BDF1E77009DD5CF /* Debug */ = {
			isa = XCBuildConfiguration;
			baseConfigurationReference = 793A0DF9C33B07EB66FECA34 /* Pods.debug.xcconfig */;
			buildSettings = {
				ASSETCATALOG_COMPILER_APPICON_NAME = AppIcon;
				ASSETCATALOG_COMPILER_LAUNCHIMAGE_NAME = LaunchImage;
				CODE_SIGN_IDENTITY = "iPhone Developer";
				FRAMEWORK_SEARCH_PATHS = (
					"$(inherited)",
					"$(PROJECT_DIR)/Taokean/UMSocial_Sdk_Extra_Frameworks/TencentOpenAPI",
				);
				HEADER_SEARCH_PATHS = "$(SRCROOT)/Uti";
				INFOPLIST_FILE = Taokean/Info.plist;
				IPHONEOS_DEPLOYMENT_TARGET = 9.2;
				LD_RUNPATH_SEARCH_PATHS = "$(inherited) @executable_path/Frameworks";
				LIBRARY_SEARCH_PATHS = (
					"$(inherited)",
					"$(PROJECT_DIR)/Taokean/UMSocial_Sdk_4.2.3",
					"$(PROJECT_DIR)/Taokean/UMSocial_Sdk_Extra_Frameworks/TencentOpenAPI",
					"$(PROJECT_DIR)/Taokean/UMSocial_Sdk_Extra_Frameworks/Wechat",
					"$(PROJECT_DIR)/Taokean/VoiceLib",
				);
				PRODUCT_BUNDLE_IDENTIFIER = xkl.Taokean;
				PRODUCT_NAME = "$(TARGET_NAME)";
				TARGETED_DEVICE_FAMILY = "1,2";
			};
			name = Debug;
		};
		E45C83C91BDF1E77009DD5CF /* Release */ = {
			isa = XCBuildConfiguration;
			baseConfigurationReference = 2E615E705F82041C0D5CB797 /* Pods.release.xcconfig */;
			buildSettings = {
				ASSETCATALOG_COMPILER_APPICON_NAME = AppIcon;
				ASSETCATALOG_COMPILER_LAUNCHIMAGE_NAME = LaunchImage;
				CODE_SIGN_IDENTITY = "iPhone Developer";
				FRAMEWORK_SEARCH_PATHS = (
					"$(inherited)",
					"$(PROJECT_DIR)/Taokean/UMSocial_Sdk_Extra_Frameworks/TencentOpenAPI",
				);
				HEADER_SEARCH_PATHS = "$(SRCROOT)/Uti";
				INFOPLIST_FILE = Taokean/Info.plist;
				IPHONEOS_DEPLOYMENT_TARGET = 9.2;
				LD_RUNPATH_SEARCH_PATHS = "$(inherited) @executable_path/Frameworks";
				LIBRARY_SEARCH_PATHS = (
					"$(inherited)",
					"$(PROJECT_DIR)/Taokean/UMSocial_Sdk_4.2.3",
					"$(PROJECT_DIR)/Taokean/UMSocial_Sdk_Extra_Frameworks/TencentOpenAPI",
					"$(PROJECT_DIR)/Taokean/UMSocial_Sdk_Extra_Frameworks/Wechat",
					"$(PROJECT_DIR)/Taokean/VoiceLib",
				);
				PRODUCT_BUNDLE_IDENTIFIER = xkl.Taokean;
				PRODUCT_NAME = "$(TARGET_NAME)";
				TARGETED_DEVICE_FAMILY = "1,2";
			};
			name = Release;
		};
		E45C83CB1BDF1E77009DD5CF /* Debug */ = {
			isa = XCBuildConfiguration;
			buildSettings = {
				BUNDLE_LOADER = "$(TEST_HOST)";
				INFOPLIST_FILE = TaokeanTests/Info.plist;
				LD_RUNPATH_SEARCH_PATHS = "$(inherited) @executable_path/Frameworks @loader_path/Frameworks";
				PRODUCT_BUNDLE_IDENTIFIER = xkl.TaokeanTests;
				PRODUCT_NAME = "$(TARGET_NAME)";
				TEST_HOST = "$(BUILT_PRODUCTS_DIR)/Taokean.app/Taokean";
			};
			name = Debug;
		};
		E45C83CC1BDF1E77009DD5CF /* Release */ = {
			isa = XCBuildConfiguration;
			buildSettings = {
				BUNDLE_LOADER = "$(TEST_HOST)";
				INFOPLIST_FILE = TaokeanTests/Info.plist;
				LD_RUNPATH_SEARCH_PATHS = "$(inherited) @executable_path/Frameworks @loader_path/Frameworks";
				PRODUCT_BUNDLE_IDENTIFIER = xkl.TaokeanTests;
				PRODUCT_NAME = "$(TARGET_NAME)";
				TEST_HOST = "$(BUILT_PRODUCTS_DIR)/Taokean.app/Taokean";
			};
			name = Release;
		};
		E45C83CE1BDF1E77009DD5CF /* Debug */ = {
			isa = XCBuildConfiguration;
			buildSettings = {
				INFOPLIST_FILE = TaokeanUITests/Info.plist;
				LD_RUNPATH_SEARCH_PATHS = "$(inherited) @executable_path/Frameworks @loader_path/Frameworks";
				PRODUCT_BUNDLE_IDENTIFIER = xkl.TaokeanUITests;
				PRODUCT_NAME = "$(TARGET_NAME)";
				TEST_TARGET_NAME = Taokean;
				USES_XCTRUNNER = YES;
			};
			name = Debug;
		};
		E45C83CF1BDF1E77009DD5CF /* Release */ = {
			isa = XCBuildConfiguration;
			buildSettings = {
				INFOPLIST_FILE = TaokeanUITests/Info.plist;
				LD_RUNPATH_SEARCH_PATHS = "$(inherited) @executable_path/Frameworks @loader_path/Frameworks";
				PRODUCT_BUNDLE_IDENTIFIER = xkl.TaokeanUITests;
				PRODUCT_NAME = "$(TARGET_NAME)";
				TEST_TARGET_NAME = Taokean;
				USES_XCTRUNNER = YES;
			};
			name = Release;
		};
/* End XCBuildConfiguration section */

/* Begin XCConfigurationList section */
		E45C838F1BDF1E77009DD5CF /* Build configuration list for PBXProject "Taokean" */ = {
			isa = XCConfigurationList;
			buildConfigurations = (
				E45C83C51BDF1E77009DD5CF /* Debug */,
				E45C83C61BDF1E77009DD5CF /* Release */,
			);
			defaultConfigurationIsVisible = 0;
			defaultConfigurationName = Release;
		};
		E45C83C71BDF1E77009DD5CF /* Build configuration list for PBXNativeTarget "Taokean" */ = {
			isa = XCConfigurationList;
			buildConfigurations = (
				E45C83C81BDF1E77009DD5CF /* Debug */,
				E45C83C91BDF1E77009DD5CF /* Release */,
			);
			defaultConfigurationIsVisible = 0;
			defaultConfigurationName = Release;
		};
		E45C83CA1BDF1E77009DD5CF /* Build configuration list for PBXNativeTarget "TaokeanTests" */ = {
			isa = XCConfigurationList;
			buildConfigurations = (
				E45C83CB1BDF1E77009DD5CF /* Debug */,
				E45C83CC1BDF1E77009DD5CF /* Release */,
			);
			defaultConfigurationIsVisible = 0;
			defaultConfigurationName = Release;
		};
		E45C83CD1BDF1E77009DD5CF /* Build configuration list for PBXNativeTarget "TaokeanUITests" */ = {
			isa = XCConfigurationList;
			buildConfigurations = (
				E45C83CE1BDF1E77009DD5CF /* Debug */,
				E45C83CF1BDF1E77009DD5CF /* Release */,
			);
			defaultConfigurationIsVisible = 0;
			defaultConfigurationName = Release;
		};
/* End XCConfigurationList section */
	};
	rootObject = E45C838C1BDF1E77009DD5CF /* Project object */;
}
